
Microsoft Visual Studio Solution File, Format Version 12.00
# Visual Studio Version 17
VisualStudioVersion = 17.4.33103.184
MinimumVisualStudioVersion = 10.0.40219.1
Project("{FAE04EC0-301F-11D3-BF4B-00C04F79EFBC}") = "Exercise 2", "Exercise 2\Exercise 2.csproj", "{F7DCC4E2-DE87-45D3-9DB4-477712FF3AB8}"
EndProject
Global
	GlobalSection(SolutionConfigurationPlatforms) = preSolution
		Debug|Any CPU = Debug|Any CPU
		Release|Any CPU = Release|Any CPU
	EndGlobalSection
	GlobalSection(ProjectConfigurationPlatforms) = postSolution
		{F7DCC4E2-DE87-45D3-9DB4-477712FF3AB8}.Debug|Any CPU.ActiveCfg = Debug|Any CPU
		{F7DCC4E2-DE87-45D3-9DB4-477712FF3AB8}.Debug|Any CPU.Build.0 = Debug|Any CPU
		{F7DCC4E2-DE87-45D3-9DB4-477712FF3AB8}.Release|Any CPU.ActiveCfg = Release|Any CPU
		{F7DCC4E2-DE87-45D3-9DB4-477712FF3AB8}.Release|Any CPU.Build.0 = Release|Any CPU
	EndGlobalSection
	GlobalSection(SolutionProperties) = preSolution
		HideSolutionNode = FALSE
	EndGlobalSection
	GlobalSection(ExtensibilityGlobals) = postSolution
		SolutionGuid = {92658970-A380-43C4-9BFF-C5C0FB4929F7}
	EndGlobalSection
EndGlobal
